// !$*UTF8*$!
{
	archiveVersion = 1;
	classes = {
	};
	objectVersion = 46;
	objects = {

/* Begin PBXBuildFile section */
		00966C161B8724F500F12FDC /* appicon-ipad-@2x.png in Resources */ = {isa = PBXBuildFile; fileRef = 00966C151B8724F500F12FDC /* appicon-ipad-@2x.png */; };
		00E020B31B8216A400282BBE /* WebViewJavascriptBridge.js.txt in Resources */ = {isa = PBXBuildFile; fileRef = 00E020AD1B8216A400282BBE /* WebViewJavascriptBridge.js.txt */; };
		00E020B41B8216A400282BBE /* WebViewJavascriptBridge.m in Sources */ = {isa = PBXBuildFile; fileRef = 00E020AE1B8216A400282BBE /* WebViewJavascriptBridge.m */; };
		00E020B51B8216A400282BBE /* WebViewJavascriptBridgeBase.m in Sources */ = {isa = PBXBuildFile; fileRef = 00E020B01B8216A400282BBE /* WebViewJavascriptBridgeBase.m */; };
		00E020B61B8216A400282BBE /* WKWebViewJavascriptBridge.m in Sources */ = {isa = PBXBuildFile; fileRef = 00E020B21B8216A400282BBE /* WKWebViewJavascriptBridge.m */; };
		00E020D71B8216F900282BBE /* GCDWebServer.m in Sources */ = {isa = PBXBuildFile; fileRef = 00E020BA1B8216F900282BBE /* GCDWebServer.m */; };
		00E020D81B8216F900282BBE /* GCDWebServerConnection.m in Sources */ = {isa = PBXBuildFile; fileRef = 00E020BC1B8216F900282BBE /* GCDWebServerConnection.m */; };
		00E020D91B8216F900282BBE /* GCDWebServerFunctions.m in Sources */ = {isa = PBXBuildFile; fileRef = 00E020BE1B8216F900282BBE /* GCDWebServerFunctions.m */; };
		00E020DA1B8216F900282BBE /* GCDWebServerRequest.m in Sources */ = {isa = PBXBuildFile; fileRef = 00E020C21B8216F900282BBE /* GCDWebServerRequest.m */; };
		00E020DB1B8216F900282BBE /* GCDWebServerResponse.m in Sources */ = {isa = PBXBuildFile; fileRef = 00E020C41B8216F900282BBE /* GCDWebServerResponse.m */; };
		00E020DC1B8216F900282BBE /* GCDWebServerDataRequest.m in Sources */ = {isa = PBXBuildFile; fileRef = 00E020C71B8216F900282BBE /* GCDWebServerDataRequest.m */; };
		00E020DD1B8216F900282BBE /* GCDWebServerFileRequest.m in Sources */ = {isa = PBXBuildFile; fileRef = 00E020C91B8216F900282BBE /* GCDWebServerFileRequest.m */; };
		00E020DE1B8216F900282BBE /* GCDWebServerMultiPartFormRequest.m in Sources */ = {isa = PBXBuildFile; fileRef = 00E020CB1B8216F900282BBE /* GCDWebServerMultiPartFormRequest.m */; };
		00E020DF1B8216F900282BBE /* GCDWebServerURLEncodedFormRequest.m in Sources */ = {isa = PBXBuildFile; fileRef = 00E020CD1B8216F900282BBE /* GCDWebServerURLEncodedFormRequest.m */; };
		00E020E01B8216F900282BBE /* GCDWebServerDataResponse.m in Sources */ = {isa = PBXBuildFile; fileRef = 00E020D01B8216F900282BBE /* GCDWebServerDataResponse.m */; };
		00E020E11B8216F900282BBE /* GCDWebServerErrorResponse.m in Sources */ = {isa = PBXBuildFile; fileRef = 00E020D21B8216F900282BBE /* GCDWebServerErrorResponse.m */; };
		00E020E21B8216F900282BBE /* GCDWebServerFileResponse.m in Sources */ = {isa = PBXBuildFile; fileRef = 00E020D41B8216F900282BBE /* GCDWebServerFileResponse.m */; };
		00E020E31B8216F900282BBE /* GCDWebServerStreamedResponse.m in Sources */ = {isa = PBXBuildFile; fileRef = 00E020D61B8216F900282BBE /* GCDWebServerStreamedResponse.m */; };
		00E020E51B8217DD00282BBE /* libz.dylib in Frameworks */ = {isa = PBXBuildFile; fileRef = 00E020E41B8217DD00282BBE /* libz.dylib */; };
		00ED05A61B7CEF6B00C4A5AD /* Main.storyboard in Resources */ = {isa = PBXBuildFile; fileRef = 0CA7C52F1B57E0F7008A7DA4 /* Main.storyboard */; };
		0C2D3D931B70EC5A000EA1B0 /* DXJsMessageDispatcher.m in Sources */ = {isa = PBXBuildFile; fileRef = 0C2D3D921B70EC5A000EA1B0 /* DXJsMessageDispatcher.m */; };
		0C2D3D961B70FACA000EA1B0 /* DXGuidedAccess.m in Sources */ = {isa = PBXBuildFile; fileRef = 0C2D3D951B70FACA000EA1B0 /* DXGuidedAccess.m */; };
		0CA7C5281B57E0F7008A7DA4 /* main.m in Sources */ = {isa = PBXBuildFile; fileRef = 0CA7C5271B57E0F7008A7DA4 /* main.m */; };
		0CA7C52B1B57E0F7008A7DA4 /* AppDelegate.m in Sources */ = {isa = PBXBuildFile; fileRef = 0CA7C52A1B57E0F7008A7DA4 /* AppDelegate.m */; };
		0CA7C52E1B57E0F7008A7DA4 /* ViewController.m in Sources */ = {isa = PBXBuildFile; fileRef = 0CA7C52D1B57E0F7008A7DA4 /* ViewController.m */; };
		0CA7C5331B57E0F7008A7DA4 /* Images.xcassets in Resources */ = {isa = PBXBuildFile; fileRef = 0CA7C5321B57E0F7008A7DA4 /* Images.xcassets */; };
		0CA7C55A1B57E50E008A7DA4 /* DXFileSystem.m in Sources */ = {isa = PBXBuildFile; fileRef = 0CA7C5581B57E50E008A7DA4 /* DXFileSystem.m */; };
		F54616181B90589B007BE3AD /* bin in Resources */ = {isa = PBXBuildFile; fileRef = F54616171B90589B007BE3AD /* bin */; };
/* End PBXBuildFile section */

/* Begin PBXFileReference section */
		00966C151B8724F500F12FDC /* appicon-ipad-@2x.png */ = {isa = PBXFileReference; lastKnownFileType = image.png; name = "appicon-ipad-@2x.png"; path = "Images.xcassets/AppIcon.appiconset/appicon-ipad-@2x.png"; sourceTree = "<group>"; };
		00E020AC1B8216A400282BBE /* WebViewJavascriptBridge.h */ = {isa = PBXFileReference; fileEncoding = 4; lastKnownFileType = sourcecode.c.h; path = WebViewJavascriptBridge.h; sourceTree = "<group>"; };
		00E020AD1B8216A400282BBE /* WebViewJavascriptBridge.js.txt */ = {isa = PBXFileReference; fileEncoding = 4; lastKnownFileType = text; path = WebViewJavascriptBridge.js.txt; sourceTree = "<group>"; };
		00E020AE1B8216A400282BBE /* WebViewJavascriptBridge.m */ = {isa = PBXFileReference; fileEncoding = 4; lastKnownFileType = sourcecode.c.objc; path = WebViewJavascriptBridge.m; sourceTree = "<group>"; };
		00E020AF1B8216A400282BBE /* WebViewJavascriptBridgeBase.h */ = {isa = PBXFileReference; fileEncoding = 4; lastKnownFileType = sourcecode.c.h; path = WebViewJavascriptBridgeBase.h; sourceTree = "<group>"; };
		00E020B01B8216A400282BBE /* WebViewJavascriptBridgeBase.m */ = {isa = PBXFileReference; fileEncoding = 4; lastKnownFileType = sourcecode.c.objc; path = WebViewJavascriptBridgeBase.m; sourceTree = "<group>"; };
		00E020B11B8216A400282BBE /* WKWebViewJavascriptBridge.h */ = {isa = PBXFileReference; fileEncoding = 4; lastKnownFileType = sourcecode.c.h; path = WKWebViewJavascriptBridge.h; sourceTree = "<group>"; };
		00E020B21B8216A400282BBE /* WKWebViewJavascriptBridge.m */ = {isa = PBXFileReference; fileEncoding = 4; lastKnownFileType = sourcecode.c.objc; path = WKWebViewJavascriptBridge.m; sourceTree = "<group>"; };
		00E020B91B8216F900282BBE /* GCDWebServer.h */ = {isa = PBXFileReference; fileEncoding = 4; lastKnownFileType = sourcecode.c.h; path = GCDWebServer.h; sourceTree = "<group>"; };
		00E020BA1B8216F900282BBE /* GCDWebServer.m */ = {isa = PBXFileReference; fileEncoding = 4; lastKnownFileType = sourcecode.c.objc; path = GCDWebServer.m; sourceTree = "<group>"; };
		00E020BB1B8216F900282BBE /* GCDWebServerConnection.h */ = {isa = PBXFileReference; fileEncoding = 4; lastKnownFileType = sourcecode.c.h; path = GCDWebServerConnection.h; sourceTree = "<group>"; };
		00E020BC1B8216F900282BBE /* GCDWebServerConnection.m */ = {isa = PBXFileReference; fileEncoding = 4; lastKnownFileType = sourcecode.c.objc; path = GCDWebServerConnection.m; sourceTree = "<group>"; };
		00E020BD1B8216F900282BBE /* GCDWebServerFunctions.h */ = {isa = PBXFileReference; fileEncoding = 4; lastKnownFileType = sourcecode.c.h; path = GCDWebServerFunctions.h; sourceTree = "<group>"; };
		00E020BE1B8216F900282BBE /* GCDWebServerFunctions.m */ = {isa = PBXFileReference; fileEncoding = 4; lastKnownFileType = sourcecode.c.objc; path = GCDWebServerFunctions.m; sourceTree = "<group>"; };
		00E020BF1B8216F900282BBE /* GCDWebServerHTTPStatusCodes.h */ = {isa = PBXFileReference; fileEncoding = 4; lastKnownFileType = sourcecode.c.h; path = GCDWebServerHTTPStatusCodes.h; sourceTree = "<group>"; };
		00E020C01B8216F900282BBE /* GCDWebServerPrivate.h */ = {isa = PBXFileReference; fileEncoding = 4; lastKnownFileType = sourcecode.c.h; path = GCDWebServerPrivate.h; sourceTree = "<group>"; };
		00E020C11B8216F900282BBE /* GCDWebServerRequest.h */ = {isa = PBXFileReference; fileEncoding = 4; lastKnownFileType = sourcecode.c.h; path = GCDWebServerRequest.h; sourceTree = "<group>"; };
		00E020C21B8216F900282BBE /* GCDWebServerRequest.m */ = {isa = PBXFileReference; fileEncoding = 4; lastKnownFileType = sourcecode.c.objc; path = GCDWebServerRequest.m; sourceTree = "<group>"; };
		00E020C31B8216F900282BBE /* GCDWebServerResponse.h */ = {isa = PBXFileReference; fileEncoding = 4; lastKnownFileType = sourcecode.c.h; path = GCDWebServerResponse.h; sourceTree = "<group>"; };
		00E020C41B8216F900282BBE /* GCDWebServerResponse.m */ = {isa = PBXFileReference; fileEncoding = 4; lastKnownFileType = sourcecode.c.objc; path = GCDWebServerResponse.m; sourceTree = "<group>"; };
		00E020C61B8216F900282BBE /* GCDWebServerDataRequest.h */ = {isa = PBXFileReference; fileEncoding = 4; lastKnownFileType = sourcecode.c.h; path = GCDWebServerDataRequest.h; sourceTree = "<group>"; };
		00E020C71B8216F900282BBE /* GCDWebServerDataRequest.m */ = {isa = PBXFileReference; fileEncoding = 4; lastKnownFileType = sourcecode.c.objc; path = GCDWebServerDataRequest.m; sourceTree = "<group>"; };
		00E020C81B8216F900282BBE /* GCDWebServerFileRequest.h */ = {isa = PBXFileReference; fileEncoding = 4; lastKnownFileType = sourcecode.c.h; path = GCDWebServerFileRequest.h; sourceTree = "<group>"; };
		00E020C91B8216F900282BBE /* GCDWebServerFileRequest.m */ = {isa = PBXFileReference; fileEncoding = 4; lastKnownFileType = sourcecode.c.objc; path = GCDWebServerFileRequest.m; sourceTree = "<group>"; };
		00E020CA1B8216F900282BBE /* GCDWebServerMultiPartFormRequest.h */ = {isa = PBXFileReference; fileEncoding = 4; lastKnownFileType = sourcecode.c.h; path = GCDWebServerMultiPartFormRequest.h; sourceTree = "<group>"; };
		00E020CB1B8216F900282BBE /* GCDWebServerMultiPartFormRequest.m */ = {isa = PBXFileReference; fileEncoding = 4; lastKnownFileType = sourcecode.c.objc; path = GCDWebServerMultiPartFormRequest.m; sourceTree = "<group>"; };
		00E020CC1B8216F900282BBE /* GCDWebServerURLEncodedFormRequest.h */ = {isa = PBXFileReference; fileEncoding = 4; lastKnownFileType = sourcecode.c.h; path = GCDWebServerURLEncodedFormRequest.h; sourceTree = "<group>"; };
		00E020CD1B8216F900282BBE /* GCDWebServerURLEncodedFormRequest.m */ = {isa = PBXFileReference; fileEncoding = 4; lastKnownFileType = sourcecode.c.objc; path = GCDWebServerURLEncodedFormRequest.m; sourceTree = "<group>"; };
		00E020CF1B8216F900282BBE /* GCDWebServerDataResponse.h */ = {isa = PBXFileReference; fileEncoding = 4; lastKnownFileType = sourcecode.c.h; path = GCDWebServerDataResponse.h; sourceTree = "<group>"; };
		00E020D01B8216F900282BBE /* GCDWebServerDataResponse.m */ = {isa = PBXFileReference; fileEncoding = 4; lastKnownFileType = sourcecode.c.objc; path = GCDWebServerDataResponse.m; sourceTree = "<group>"; };
		00E020D11B8216F900282BBE /* GCDWebServerErrorResponse.h */ = {isa = PBXFileReference; fileEncoding = 4; lastKnownFileType = sourcecode.c.h; path = GCDWebServerErrorResponse.h; sourceTree = "<group>"; };
		00E020D21B8216F900282BBE /* GCDWebServerErrorResponse.m */ = {isa = PBXFileReference; fileEncoding = 4; lastKnownFileType = sourcecode.c.objc; path = GCDWebServerErrorResponse.m; sourceTree = "<group>"; };
		00E020D31B8216F900282BBE /* GCDWebServerFileResponse.h */ = {isa = PBXFileReference; fileEncoding = 4; lastKnownFileType = sourcecode.c.h; path = GCDWebServerFileResponse.h; sourceTree = "<group>"; };
		00E020D41B8216F900282BBE /* GCDWebServerFileResponse.m */ = {isa = PBXFileReference; fileEncoding = 4; lastKnownFileType = sourcecode.c.objc; path = GCDWebServerFileResponse.m; sourceTree = "<group>"; };
		00E020D51B8216F900282BBE /* GCDWebServerStreamedResponse.h */ = {isa = PBXFileReference; fileEncoding = 4; lastKnownFileType = sourcecode.c.h; path = GCDWebServerStreamedResponse.h; sourceTree = "<group>"; };
		00E020D61B8216F900282BBE /* GCDWebServerStreamedResponse.m */ = {isa = PBXFileReference; fileEncoding = 4; lastKnownFileType = sourcecode.c.objc; path = GCDWebServerStreamedResponse.m; sourceTree = "<group>"; };
		00E020E41B8217DD00282BBE /* libz.dylib */ = {isa = PBXFileReference; lastKnownFileType = "compiled.mach-o.dylib"; name = libz.dylib; path = usr/lib/libz.dylib; sourceTree = SDKROOT; };
		0C2D3D911B70EC5A000EA1B0 /* DXJsMessageDispatcher.h */ = {isa = PBXFileReference; fileEncoding = 4; lastKnownFileType = sourcecode.c.h; path = DXJsMessageDispatcher.h; sourceTree = "<group>"; };
		0C2D3D921B70EC5A000EA1B0 /* DXJsMessageDispatcher.m */ = {isa = PBXFileReference; fileEncoding = 4; lastKnownFileType = sourcecode.c.objc; path = DXJsMessageDispatcher.m; sourceTree = "<group>"; };
		0C2D3D941B70FACA000EA1B0 /* DXGuidedAccess.h */ = {isa = PBXFileReference; fileEncoding = 4; lastKnownFileType = sourcecode.c.h; path = DXGuidedAccess.h; sourceTree = "<group>"; };
		0C2D3D951B70FACA000EA1B0 /* DXGuidedAccess.m */ = {isa = PBXFileReference; fileEncoding = 4; lastKnownFileType = sourcecode.c.objc; path = DXGuidedAccess.m; sourceTree = "<group>"; };
		0CA7C5221B57E0F7008A7DA4 /* DigiExam.app */ = {isa = PBXFileReference; explicitFileType = wrapper.application; includeInIndex = 0; path = DigiExam.app; sourceTree = BUILT_PRODUCTS_DIR; };
		0CA7C5261B57E0F7008A7DA4 /* Info.plist */ = {isa = PBXFileReference; lastKnownFileType = text.plist.xml; path = Info.plist; sourceTree = "<group>"; };
		0CA7C5271B57E0F7008A7DA4 /* main.m */ = {isa = PBXFileReference; lastKnownFileType = sourcecode.c.objc; path = main.m; sourceTree = "<group>"; };
		0CA7C5291B57E0F7008A7DA4 /* AppDelegate.h */ = {isa = PBXFileReference; lastKnownFileType = sourcecode.c.h; path = AppDelegate.h; sourceTree = "<group>"; };
		0CA7C52A1B57E0F7008A7DA4 /* AppDelegate.m */ = {isa = PBXFileReference; lastKnownFileType = sourcecode.c.objc; path = AppDelegate.m; sourceTree = "<group>"; };
		0CA7C52C1B57E0F7008A7DA4 /* ViewController.h */ = {isa = PBXFileReference; lastKnownFileType = sourcecode.c.h; path = ViewController.h; sourceTree = "<group>"; };
		0CA7C52D1B57E0F7008A7DA4 /* ViewController.m */ = {isa = PBXFileReference; lastKnownFileType = sourcecode.c.objc; path = ViewController.m; sourceTree = "<group>"; };
		0CA7C5301B57E0F7008A7DA4 /* Base */ = {isa = PBXFileReference; lastKnownFileType = file.storyboard; name = Base; path = Base.lproj/Main.storyboard; sourceTree = "<group>"; };
		0CA7C5321B57E0F7008A7DA4 /* Images.xcassets */ = {isa = PBXFileReference; lastKnownFileType = folder.assetcatalog; path = Images.xcassets; sourceTree = "<group>"; };
		0CA7C5571B57E50E008A7DA4 /* DXFileSystem.h */ = {isa = PBXFileReference; fileEncoding = 4; lastKnownFileType = sourcecode.c.h; path = DXFileSystem.h; sourceTree = "<group>"; };
		0CA7C5581B57E50E008A7DA4 /* DXFileSystem.m */ = {isa = PBXFileReference; fileEncoding = 4; lastKnownFileType = sourcecode.c.objc; path = DXFileSystem.m; sourceTree = "<group>"; };
		E12FF5D7AE33D90038F31B9D /* libPods-ipad.a */ = {isa = PBXFileReference; explicitFileType = archive.ar; includeInIndex = 0; path = "libPods-ipad.a"; sourceTree = BUILT_PRODUCTS_DIR; };
		F54616171B90589B007BE3AD /* bin */ = {isa = PBXFileReference; lastKnownFileType = folder; name = bin; path = ../../bin/web; sourceTree = "<group>"; };
/* End PBXFileReference section */

/* Begin PBXFrameworksBuildPhase section */
		0CA7C51F1B57E0F7008A7DA4 /* Frameworks */ = {
			isa = PBXFrameworksBuildPhase;
			buildActionMask = 2147483647;
			files = (
				00E020E51B8217DD00282BBE /* libz.dylib in Frameworks */,
			);
			runOnlyForDeploymentPostprocessing = 0;
		};
/* End PBXFrameworksBuildPhase section */

/* Begin PBXGroup section */
		00E020AB1B8216A400282BBE /* WebViewJavascriptBridge */ = {
			isa = PBXGroup;
			children = (
				00E020AC1B8216A400282BBE /* WebViewJavascriptBridge.h */,
				00E020AD1B8216A400282BBE /* WebViewJavascriptBridge.js.txt */,
				00E020AE1B8216A400282BBE /* WebViewJavascriptBridge.m */,
				00E020AF1B8216A400282BBE /* WebViewJavascriptBridgeBase.h */,
				00E020B01B8216A400282BBE /* WebViewJavascriptBridgeBase.m */,
				00E020B11B8216A400282BBE /* WKWebViewJavascriptBridge.h */,
				00E020B21B8216A400282BBE /* WKWebViewJavascriptBridge.m */,
			);
			path = WebViewJavascriptBridge;
			sourceTree = "<group>";
		};
		00E020B71B8216F900282BBE /* GCDWebServer */ = {
			isa = PBXGroup;
			children = (
				00E020B81B8216F900282BBE /* Core */,
				00E020C51B8216F900282BBE /* Requests */,
				00E020CE1B8216F900282BBE /* Responses */,
			);
			path = GCDWebServer;
			sourceTree = "<group>";
		};
		00E020B81B8216F900282BBE /* Core */ = {
			isa = PBXGroup;
			children = (
				00E020B91B8216F900282BBE /* GCDWebServer.h */,
				00E020BA1B8216F900282BBE /* GCDWebServer.m */,
				00E020BB1B8216F900282BBE /* GCDWebServerConnection.h */,
				00E020BC1B8216F900282BBE /* GCDWebServerConnection.m */,
				00E020BD1B8216F900282BBE /* GCDWebServerFunctions.h */,
				00E020BE1B8216F900282BBE /* GCDWebServerFunctions.m */,
				00E020BF1B8216F900282BBE /* GCDWebServerHTTPStatusCodes.h */,
				00E020C01B8216F900282BBE /* GCDWebServerPrivate.h */,
				00E020C11B8216F900282BBE /* GCDWebServerRequest.h */,
				00E020C21B8216F900282BBE /* GCDWebServerRequest.m */,
				00E020C31B8216F900282BBE /* GCDWebServerResponse.h */,
				00E020C41B8216F900282BBE /* GCDWebServerResponse.m */,
			);
			path = Core;
			sourceTree = "<group>";
		};
		00E020C51B8216F900282BBE /* Requests */ = {
			isa = PBXGroup;
			children = (
				00E020C61B8216F900282BBE /* GCDWebServerDataRequest.h */,
				00E020C71B8216F900282BBE /* GCDWebServerDataRequest.m */,
				00E020C81B8216F900282BBE /* GCDWebServerFileRequest.h */,
				00E020C91B8216F900282BBE /* GCDWebServerFileRequest.m */,
				00E020CA1B8216F900282BBE /* GCDWebServerMultiPartFormRequest.h */,
				00E020CB1B8216F900282BBE /* GCDWebServerMultiPartFormRequest.m */,
				00E020CC1B8216F900282BBE /* GCDWebServerURLEncodedFormRequest.h */,
				00E020CD1B8216F900282BBE /* GCDWebServerURLEncodedFormRequest.m */,
			);
			path = Requests;
			sourceTree = "<group>";
		};
		00E020CE1B8216F900282BBE /* Responses */ = {
			isa = PBXGroup;
			children = (
				00E020CF1B8216F900282BBE /* GCDWebServerDataResponse.h */,
				00E020D01B8216F900282BBE /* GCDWebServerDataResponse.m */,
				00E020D11B8216F900282BBE /* GCDWebServerErrorResponse.h */,
				00E020D21B8216F900282BBE /* GCDWebServerErrorResponse.m */,
				00E020D31B8216F900282BBE /* GCDWebServerFileResponse.h */,
				00E020D41B8216F900282BBE /* GCDWebServerFileResponse.m */,
				00E020D51B8216F900282BBE /* GCDWebServerStreamedResponse.h */,
				00E020D61B8216F900282BBE /* GCDWebServerStreamedResponse.m */,
			);
			path = Responses;
			sourceTree = "<group>";
		};
		0CA7C5191B57E0F7008A7DA4 = {
			isa = PBXGroup;
			children = (
				F54616171B90589B007BE3AD /* bin */,
				0CA7C5241B57E0F7008A7DA4 /* ipad */,
				0CA7C5231B57E0F7008A7DA4 /* Products */,
				C1DD0AA68881564513A6D990 /* Frameworks */,
			);
			sourceTree = "<group>";
		};
		0CA7C5231B57E0F7008A7DA4 /* Products */ = {
			isa = PBXGroup;
			children = (
				0CA7C5221B57E0F7008A7DA4 /* DigiExam.app */,
			);
			name = Products;
			sourceTree = "<group>";
		};
		0CA7C5241B57E0F7008A7DA4 /* ipad */ = {
			isa = PBXGroup;
			children = (
				00966C151B8724F500F12FDC /* appicon-ipad-@2x.png */,
				00E020B71B8216F900282BBE /* GCDWebServer */,
				00E020AB1B8216A400282BBE /* WebViewJavascriptBridge */,
				0CA7C5291B57E0F7008A7DA4 /* AppDelegate.h */,
				0CA7C52A1B57E0F7008A7DA4 /* AppDelegate.m */,
				0CA7C52C1B57E0F7008A7DA4 /* ViewController.h */,
				0CA7C52D1B57E0F7008A7DA4 /* ViewController.m */,
				0C2D3D941B70FACA000EA1B0 /* DXGuidedAccess.h */,
				0C2D3D951B70FACA000EA1B0 /* DXGuidedAccess.m */,
				0C2D3D911B70EC5A000EA1B0 /* DXJsMessageDispatcher.h */,
				0C2D3D921B70EC5A000EA1B0 /* DXJsMessageDispatcher.m */,
				0CA7C5571B57E50E008A7DA4 /* DXFileSystem.h */,
				0CA7C5581B57E50E008A7DA4 /* DXFileSystem.m */,
				0CA7C52F1B57E0F7008A7DA4 /* Main.storyboard */,
				0CA7C5321B57E0F7008A7DA4 /* Images.xcassets */,
				0CA7C5251B57E0F7008A7DA4 /* Supporting Files */,
			);
			path = ipad;
			sourceTree = "<group>";
		};
		0CA7C5251B57E0F7008A7DA4 /* Supporting Files */ = {
			isa = PBXGroup;
			children = (
				0CA7C5261B57E0F7008A7DA4 /* Info.plist */,
				0CA7C5271B57E0F7008A7DA4 /* main.m */,
			);
			name = "Supporting Files";
			sourceTree = "<group>";
		};
		C1DD0AA68881564513A6D990 /* Frameworks */ = {
			isa = PBXGroup;
			children = (
				00E020E41B8217DD00282BBE /* libz.dylib */,
				E12FF5D7AE33D90038F31B9D /* libPods-ipad.a */,
			);
			name = Frameworks;
			sourceTree = "<group>";
		};
/* End PBXGroup section */

/* Begin PBXNativeTarget section */
		0CA7C5211B57E0F7008A7DA4 /* DigiExam iPad */ = {
			isa = PBXNativeTarget;
			buildConfigurationList = 0CA7C5451B57E0F7008A7DA4 /* Build configuration list for PBXNativeTarget "DigiExam iPad" */;
			buildPhases = (
				0CA7C51E1B57E0F7008A7DA4 /* Sources */,
				0CA7C51F1B57E0F7008A7DA4 /* Frameworks */,
				0CA7C5201B57E0F7008A7DA4 /* Resources */,
			);
			buildRules = (
			);
			dependencies = (
			);
			name = "DigiExam iPad";
			productName = ipad;
			productReference = 0CA7C5221B57E0F7008A7DA4 /* DigiExam.app */;
			productType = "com.apple.product-type.application";
		};
/* End PBXNativeTarget section */

/* Begin PBXProject section */
		0CA7C51A1B57E0F7008A7DA4 /* Project object */ = {
			isa = PBXProject;
			attributes = {
				LastUpgradeCheck = 0640;
				ORGANIZATIONNAME = DigiExam;
				TargetAttributes = {
					0CA7C5211B57E0F7008A7DA4 = {
						CreatedOnToolsVersion = 6.4;
						DevelopmentTeam = 73T9H7VE4P;
					};
				};
			};
			buildConfigurationList = 0CA7C51D1B57E0F7008A7DA4 /* Build configuration list for PBXProject "DigiExam iPad" */;
			compatibilityVersion = "Xcode 3.2";
			developmentRegion = English;
			hasScannedForEncodings = 0;
			knownRegions = (
				en,
				Base,
			);
			mainGroup = 0CA7C5191B57E0F7008A7DA4;
			productRefGroup = 0CA7C5231B57E0F7008A7DA4 /* Products */;
			projectDirPath = "";
			projectRoot = "";
			targets = (
				0CA7C5211B57E0F7008A7DA4 /* DigiExam iPad */,
			);
		};
/* End PBXProject section */

/* Begin PBXResourcesBuildPhase section */
		0CA7C5201B57E0F7008A7DA4 /* Resources */ = {
			isa = PBXResourcesBuildPhase;
			buildActionMask = 2147483647;
			files = (
				00E020B31B8216A400282BBE /* WebViewJavascriptBridge.js.txt in Resources */,
				00ED05A61B7CEF6B00C4A5AD /* Main.storyboard in Resources */,
				0CA7C5331B57E0F7008A7DA4 /* Images.xcassets in Resources */,
				00966C161B8724F500F12FDC /* appicon-ipad-@2x.png in Resources */,
				F54616181B90589B007BE3AD /* bin in Resources */,
			);
			runOnlyForDeploymentPostprocessing = 0;
		};
/* End PBXResourcesBuildPhase section */

/* Begin PBXSourcesBuildPhase section */
		0CA7C51E1B57E0F7008A7DA4 /* Sources */ = {
			isa = PBXSourcesBuildPhase;
			buildActionMask = 2147483647;
			files = (
				00E020DD1B8216F900282BBE /* GCDWebServerFileRequest.m in Sources */,
				00E020DF1B8216F900282BBE /* GCDWebServerURLEncodedFormRequest.m in Sources */,
				00E020B51B8216A400282BBE /* WebViewJavascriptBridgeBase.m in Sources */,
				0C2D3D931B70EC5A000EA1B0 /* DXJsMessageDispatcher.m in Sources */,
				00E020DC1B8216F900282BBE /* GCDWebServerDataRequest.m in Sources */,
				00E020D91B8216F900282BBE /* GCDWebServerFunctions.m in Sources */,
				00E020E11B8216F900282BBE /* GCDWebServerErrorResponse.m in Sources */,
				0CA7C52E1B57E0F7008A7DA4 /* ViewController.m in Sources */,
				0CA7C55A1B57E50E008A7DA4 /* DXFileSystem.m in Sources */,
				00E020DE1B8216F900282BBE /* GCDWebServerMultiPartFormRequest.m in Sources */,
				00E020E21B8216F900282BBE /* GCDWebServerFileResponse.m in Sources */,
				0C2D3D961B70FACA000EA1B0 /* DXGuidedAccess.m in Sources */,
				00E020B61B8216A400282BBE /* WKWebViewJavascriptBridge.m in Sources */,
				00E020E01B8216F900282BBE /* GCDWebServerDataResponse.m in Sources */,
				0CA7C52B1B57E0F7008A7DA4 /* AppDelegate.m in Sources */,
				00E020DA1B8216F900282BBE /* GCDWebServerRequest.m in Sources */,
				00E020B41B8216A400282BBE /* WebViewJavascriptBridge.m in Sources */,
				00E020D71B8216F900282BBE /* GCDWebServer.m in Sources */,
				00E020DB1B8216F900282BBE /* GCDWebServerResponse.m in Sources */,
				0CA7C5281B57E0F7008A7DA4 /* main.m in Sources */,
				00E020E31B8216F900282BBE /* GCDWebServerStreamedResponse.m in Sources */,
				00E020D81B8216F900282BBE /* GCDWebServerConnection.m in Sources */,
			);
			runOnlyForDeploymentPostprocessing = 0;
		};
/* End PBXSourcesBuildPhase section */

/* Begin PBXVariantGroup section */
		0CA7C52F1B57E0F7008A7DA4 /* Main.storyboard */ = {
			isa = PBXVariantGroup;
			children = (
				0CA7C5301B57E0F7008A7DA4 /* Base */,
			);
			name = Main.storyboard;
			sourceTree = "<group>";
		};
/* End PBXVariantGroup section */

/* Begin XCBuildConfiguration section */
		0CA7C5431B57E0F7008A7DA4 /* Debug */ = {
			isa = XCBuildConfiguration;
			buildSettings = {
				ALWAYS_SEARCH_USER_PATHS = NO;
				CLANG_CXX_LANGUAGE_STANDARD = "gnu++0x";
				CLANG_CXX_LIBRARY = "libc++";
				CLANG_ENABLE_MODULES = YES;
				CLANG_ENABLE_OBJC_ARC = YES;
				CLANG_WARN_BOOL_CONVERSION = YES;
				CLANG_WARN_CONSTANT_CONVERSION = YES;
				CLANG_WARN_DIRECT_OBJC_ISA_USAGE = YES_ERROR;
				CLANG_WARN_EMPTY_BODY = YES;
				CLANG_WARN_ENUM_CONVERSION = YES;
				CLANG_WARN_INT_CONVERSION = YES;
				CLANG_WARN_OBJC_ROOT_CLASS = YES_ERROR;
				CLANG_WARN_UNREACHABLE_CODE = YES;
				CLANG_WARN__DUPLICATE_METHOD_MATCH = YES;
				CODE_SIGN_IDENTITY = "";
				"CODE_SIGN_IDENTITY[sdk=iphoneos*]" = "iPhone Developer";
				COPY_PHASE_STRIP = NO;
				DEBUG_INFORMATION_FORMAT = "dwarf-with-dsym";
				ENABLE_STRICT_OBJC_MSGSEND = YES;
				GCC_C_LANGUAGE_STANDARD = gnu99;
				GCC_DYNAMIC_NO_PIC = NO;
				GCC_NO_COMMON_BLOCKS = YES;
				GCC_OPTIMIZATION_LEVEL = 0;
				GCC_PREPROCESSOR_DEFINITIONS = (
					"DEBUG=1",
					"$(inherited)",
				);
				GCC_SYMBOLS_PRIVATE_EXTERN = NO;
				GCC_WARN_64_TO_32_BIT_CONVERSION = YES;
				GCC_WARN_ABOUT_RETURN_TYPE = YES_ERROR;
				GCC_WARN_UNDECLARED_SELECTOR = YES;
				GCC_WARN_UNINITIALIZED_AUTOS = YES_AGGRESSIVE;
				GCC_WARN_UNUSED_FUNCTION = YES;
				GCC_WARN_UNUSED_VARIABLE = YES;
				IPHONEOS_DEPLOYMENT_TARGET = 8.4;
				MTL_ENABLE_DEBUG_INFO = YES;
				ONLY_ACTIVE_ARCH = YES;
				SDKROOT = iphoneos;
				TARGETED_DEVICE_FAMILY = 2;
			};
			name = Debug;
		};
		0CA7C5441B57E0F7008A7DA4 /* Release */ = {
			isa = XCBuildConfiguration;
			buildSettings = {
				ALWAYS_SEARCH_USER_PATHS = NO;
				CLANG_CXX_LANGUAGE_STANDARD = "gnu++0x";
				CLANG_CXX_LIBRARY = "libc++";
				CLANG_ENABLE_MODULES = YES;
				CLANG_ENABLE_OBJC_ARC = YES;
				CLANG_WARN_BOOL_CONVERSION = YES;
				CLANG_WARN_CONSTANT_CONVERSION = YES;
				CLANG_WARN_DIRECT_OBJC_ISA_USAGE = YES_ERROR;
				CLANG_WARN_EMPTY_BODY = YES;
				CLANG_WARN_ENUM_CONVERSION = YES;
				CLANG_WARN_INT_CONVERSION = YES;
				CLANG_WARN_OBJC_ROOT_CLASS = YES_ERROR;
				CLANG_WARN_UNREACHABLE_CODE = YES;
				CLANG_WARN__DUPLICATE_METHOD_MATCH = YES;
				CODE_SIGN_IDENTITY = "";
				"CODE_SIGN_IDENTITY[sdk=iphoneos*]" = "iPhone Developer";
				COPY_PHASE_STRIP = NO;
				DEBUG_INFORMATION_FORMAT = "dwarf-with-dsym";
				ENABLE_NS_ASSERTIONS = NO;
				ENABLE_STRICT_OBJC_MSGSEND = YES;
				GCC_C_LANGUAGE_STANDARD = gnu99;
				GCC_NO_COMMON_BLOCKS = YES;
				GCC_WARN_64_TO_32_BIT_CONVERSION = YES;
				GCC_WARN_ABOUT_RETURN_TYPE = YES_ERROR;
				GCC_WARN_UNDECLARED_SELECTOR = YES;
				GCC_WARN_UNINITIALIZED_AUTOS = YES_AGGRESSIVE;
				GCC_WARN_UNUSED_FUNCTION = YES;
				GCC_WARN_UNUSED_VARIABLE = YES;
				IPHONEOS_DEPLOYMENT_TARGET = 8.4;
				MTL_ENABLE_DEBUG_INFO = NO;
				SDKROOT = iphoneos;
				TARGETED_DEVICE_FAMILY = 2;
				VALIDATE_PRODUCT = YES;
			};
			name = Release;
		};
		0CA7C5461B57E0F7008A7DA4 /* Debug */ = {
			isa = XCBuildConfiguration;
			buildSettings = {
				ASSETCATALOG_COMPILER_APPICON_NAME = AppIcon;
				ASSETCATALOG_COMPILER_LAUNCHIMAGE_NAME = LaunchImage;
				CLANG_ENABLE_MODULES = YES;
				CODE_SIGN_IDENTITY = "iPhone Developer";
				"CODE_SIGN_IDENTITY[sdk=iphoneos*]" = "iPhone Developer";
				INFOPLIST_FILE = ipad/Info.plist;
				IPHONEOS_DEPLOYMENT_TARGET = 8.4;
				LD_RUNPATH_SEARCH_PATHS = "$(inherited) @executable_path/Frameworks";
				PRODUCT_NAME = DigiExam;
				PROVISIONING_PROFILE = "284a0b4d-681b-45f2-87a2-9206c051148d";
				SWIFT_OBJC_BRIDGING_HEADER = "ipad/ipad-Bridging-Header.h";
				SWIFT_OPTIMIZATION_LEVEL = "-Onone";
				VALID_ARCHS = "armv7 armv7s arm64";
			};
			name = Debug;
		};
		0CA7C5471B57E0F7008A7DA4 /* Release */ = {
			isa = XCBuildConfiguration;
			buildSettings = {
				ASSETCATALOG_COMPILER_APPICON_NAME = AppIcon;
				ASSETCATALOG_COMPILER_LAUNCHIMAGE_NAME = LaunchImage;
				CLANG_ENABLE_MODULES = YES;
				CODE_SIGN_IDENTITY = "iPhone Distribution: DigiExam Solutions Sweden AB (73T9H7VE4P)";
				"CODE_SIGN_IDENTITY[sdk=iphoneos*]" = "iPhone Distribution: DigiExam Solutions Sweden AB (73T9H7VE4P)";
				INFOPLIST_FILE = ipad/Info.plist;
				IPHONEOS_DEPLOYMENT_TARGET = 8.4;
				LD_RUNPATH_SEARCH_PATHS = "$(inherited) @executable_path/Frameworks";
				PRODUCT_NAME = DigiExam;
				PROVISIONING_PROFILE = "284a0b4d-681b-45f2-87a2-9206c051148d";
				SWIFT_OBJC_BRIDGING_HEADER = "ipad/ipad-Bridging-Header.h";
				VALID_ARCHS = "armv7 armv7s arm64";
			};
			name = Release;
		};
/* End XCBuildConfiguration section */

/* Begin XCConfigurationList section */
		0CA7C51D1B57E0F7008A7DA4 /* Build configuration list for PBXProject "DigiExam iPad" */ = {
			isa = XCConfigurationList;
			buildConfigurations = (
				0CA7C5431B57E0F7008A7DA4 /* Debug */,
				0CA7C5441B57E0F7008A7DA4 /* Release */,
			);
			defaultConfigurationIsVisible = 0;
			defaultConfigurationName = Release;
		};
		0CA7C5451B57E0F7008A7DA4 /* Build configuration list for PBXNativeTarget "DigiExam iPad" */ = {
			isa = XCConfigurationList;
			buildConfigurations = (
				0CA7C5461B57E0F7008A7DA4 /* Debug */,
				0CA7C5471B57E0F7008A7DA4 /* Release */,
			);
			defaultConfigurationIsVisible = 0;
			defaultConfigurationName = Release;
		};
/* End XCConfigurationList section */
	};
	rootObject = 0CA7C51A1B57E0F7008A7DA4 /* Project object */;
}
